
Microsoft Visual Studio Solution File, Format Version 12.00
# Visual Studio Version 17
VisualStudioVersion = 17.12.35707.178 d17.12
MinimumVisualStudioVersion = 10.0.40219.1
Project("{FAE04EC0-301F-11D3-BF4B-00C04F79EFBC}") = "SentooSample", "SentooSample\SentooSample\SentooSample.csproj", "{46D37E3A-505C-4C35-8CD6-D92F55D73E67}"
EndProject
Project("{FAE04EC0-301F-11D3-BF4B-00C04F79EFBC}") = "SentooSample.Client", "SentooSample\SentooSample.Client\SentooSample.Client.csproj", "{4FB119B7-D959-4B2D-83EC-7FAF13E41084}"
EndProject
Global
	GlobalSection(SolutionConfigurationPlatforms) = preSolution
		Debug|Any CPU = Debug|Any CPU
		Release|Any CPU = Release|Any CPU
	EndGlobalSection
	GlobalSection(ProjectConfigurationPlatforms) = postSolution
		{46D37E3A-505C-4C35-8CD6-D92F55D73E67}.Debug|Any CPU.ActiveCfg = Debug|Any CPU
		{46D37E3A-505C-4C35-8CD6-D92F55D73E67}.Debug|Any CPU.Build.0 = Debug|Any CPU
		{46D37E3A-505C-4C35-8CD6-D92F55D73E67}.Release|Any CPU.ActiveCfg = Release|Any CPU
		{46D37E3A-505C-4C35-8CD6-D92F55D73E67}.Release|Any CPU.Build.0 = Release|Any CPU
		{4FB119B7-D959-4B2D-83EC-7FAF13E41084}.Debug|Any CPU.ActiveCfg = Debug|Any CPU
		{4FB119B7-D959-4B2D-83EC-7FAF13E41084}.Debug|Any CPU.Build.0 = Debug|Any CPU
		{4FB119B7-D959-4B2D-83EC-7FAF13E41084}.Release|Any CPU.ActiveCfg = Release|Any CPU
		{4FB119B7-D959-4B2D-83EC-7FAF13E41084}.Release|Any CPU.Build.0 = Release|Any CPU
	EndGlobalSection
	GlobalSection(SolutionProperties) = preSolution
		HideSolutionNode = FALSE
	EndGlobalSection
EndGlobal
